// !$*UTF8*$!
{
	archiveVersion = 1;
	classes = {
	};
	objectVersion = 56;
	objects = {

/* Begin PBXBuildFile section */
		6B2C46CC2B5AE4D3003A8746 /* Atlanta_WeatherApp.swift in Sources */ = {isa = PBXBuildFile; fileRef = 6B2C46CB2B5AE4D3003A8746 /* Atlanta_WeatherApp.swift */; };
		6B2C46CE2B5AE4D3003A8746 /* WeatherView.swift in Sources */ = {isa = PBXBuildFile; fileRef = 6B2C46CD2B5AE4D3003A8746 /* WeatherView.swift */; };
		6B2C46D02B5AE4D6003A8746 /* Assets.xcassets in Resources */ = {isa = PBXBuildFile; fileRef = 6B2C46CF2B5AE4D6003A8746 /* Assets.xcassets */; };
		6B2C46D32B5AE4D6003A8746 /* Preview Assets.xcassets in Resources */ = {isa = PBXBuildFile; fileRef = 6B2C46D22B5AE4D6003A8746 /* Preview Assets.xcassets */; };
		6B2C46DD2B5AE4D6003A8746 /* Atlanta_WeatherTests.swift in Sources */ = {isa = PBXBuildFile; fileRef = 6B2C46DC2B5AE4D6003A8746 /* Atlanta_WeatherTests.swift */; };
		6B2C46E72B5AE4D6003A8746 /* Atlanta_WeatherUITests.swift in Sources */ = {isa = PBXBuildFile; fileRef = 6B2C46E62B5AE4D6003A8746 /* Atlanta_WeatherUITests.swift */; };
		6B2C46E92B5AE4D6003A8746 /* Atlanta_WeatherUITestsLaunchTests.swift in Sources */ = {isa = PBXBuildFile; fileRef = 6B2C46E82B5AE4D6003A8746 /* Atlanta_WeatherUITestsLaunchTests.swift */; };
		6B2C46F62B5AE5DA003A8746 /* WeatherViewController.swift in Sources */ = {isa = PBXBuildFile; fileRef = 6B2C46F52B5AE5DA003A8746 /* WeatherViewController.swift */; };
		6B2C46F82B5AF071003A8746 /* LocationManager.swift in Sources */ = {isa = PBXBuildFile; fileRef = 6B2C46F72B5AF071003A8746 /* LocationManager.swift */; };
		6B2C46FF2B5AF115003A8746 /* IAPManager.swift in Sources */ = {isa = PBXBuildFile; fileRef = 6B2C46FE2B5AF115003A8746 /* IAPManager.swift */; };
		6B2C47012B5AF12F003A8746 /* WeatherManager.swift in Sources */ = {isa = PBXBuildFile; fileRef = 6B2C47002B5AF12F003A8746 /* WeatherManager.swift */; };
		6B2C47032B5B02B3003A8746 /* MetarData.swift in Sources */ = {isa = PBXBuildFile; fileRef = 6B2C47022B5B02B3003A8746 /* MetarData.swift */; };
		6B2C47052B5C3726003A8746 /* MetarViewModel.swift in Sources */ = {isa = PBXBuildFile; fileRef = 6B2C47042B5C3726003A8746 /* MetarViewModel.swift */; };
/* End PBXBuildFile section */

/* Begin PBXContainerItemProxy section */
		6B2C46D92B5AE4D6003A8746 /* PBXContainerItemProxy */ = {
			isa = PBXContainerItemProxy;
			containerPortal = 6B2C46C02B5AE4D3003A8746 /* Project object */;
			proxyType = 1;
			remoteGlobalIDString = 6B2C46C72B5AE4D3003A8746;
			remoteInfo = "Atlanta Weather";
		};
		6B2C46E32B5AE4D6003A8746 /* PBXContainerItemProxy */ = {
			isa = PBXContainerItemProxy;
			containerPortal = 6B2C46C02B5AE4D3003A8746 /* Project object */;
			proxyType = 1;
			remoteGlobalIDString = 6B2C46C72B5AE4D3003A8746;
			remoteInfo = "Atlanta Weather";
		};
/* End PBXContainerItemProxy section */

/* Begin PBXFileReference section */
		6B2C46C82B5AE4D3003A8746 /* Atlanta Weather.app */ = {isa = PBXFileReference; explicitFileType = wrapper.application; includeInIndex = 0; path = "Atlanta Weather.app"; sourceTree = BUILT_PRODUCTS_DIR; };
		6B2C46CB2B5AE4D3003A8746 /* Atlanta_WeatherApp.swift */ = {isa = PBXFileReference; lastKnownFileType = sourcecode.swift; path = Atlanta_WeatherApp.swift; sourceTree = "<group>"; };
		6B2C46CD2B5AE4D3003A8746 /* WeatherView.swift */ = {isa = PBXFileReference; lastKnownFileType = sourcecode.swift; path = WeatherView.swift; sourceTree = "<group>"; };
		6B2C46CF2B5AE4D6003A8746 /* Assets.xcassets */ = {isa = PBXFileReference; lastKnownFileType = folder.assetcatalog; path = Assets.xcassets; sourceTree = "<group>"; };
		6B2C46D22B5AE4D6003A8746 /* Preview Assets.xcassets */ = {isa = PBXFileReference; lastKnownFileType = folder.assetcatalog; path = "Preview Assets.xcassets"; sourceTree = "<group>"; };
		6B2C46D82B5AE4D6003A8746 /* Atlanta WeatherTests.xctest */ = {isa = PBXFileReference; explicitFileType = wrapper.cfbundle; includeInIndex = 0; path = "Atlanta WeatherTests.xctest"; sourceTree = BUILT_PRODUCTS_DIR; };
		6B2C46DC2B5AE4D6003A8746 /* Atlanta_WeatherTests.swift */ = {isa = PBXFileReference; lastKnownFileType = sourcecode.swift; path = Atlanta_WeatherTests.swift; sourceTree = "<group>"; };
		6B2C46E22B5AE4D6003A8746 /* Atlanta WeatherUITests.xctest */ = {isa = PBXFileReference; explicitFileType = wrapper.cfbundle; includeInIndex = 0; path = "Atlanta WeatherUITests.xctest"; sourceTree = BUILT_PRODUCTS_DIR; };
		6B2C46E62B5AE4D6003A8746 /* Atlanta_WeatherUITests.swift */ = {isa = PBXFileReference; lastKnownFileType = sourcecode.swift; path = Atlanta_WeatherUITests.swift; sourceTree = "<group>"; };
		6B2C46E82B5AE4D6003A8746 /* Atlanta_WeatherUITestsLaunchTests.swift */ = {isa = PBXFileReference; lastKnownFileType = sourcecode.swift; path = Atlanta_WeatherUITestsLaunchTests.swift; sourceTree = "<group>"; };
		6B2C46F52B5AE5DA003A8746 /* WeatherViewController.swift */ = {isa = PBXFileReference; lastKnownFileType = sourcecode.swift; path = WeatherViewController.swift; sourceTree = "<group>"; };
		6B2C46F72B5AF071003A8746 /* LocationManager.swift */ = {isa = PBXFileReference; lastKnownFileType = sourcecode.swift; path = LocationManager.swift; sourceTree = "<group>"; };
		6B2C46FE2B5AF115003A8746 /* IAPManager.swift */ = {isa = PBXFileReference; lastKnownFileType = sourcecode.swift; path = IAPManager.swift; sourceTree = "<group>"; };
		6B2C47002B5AF12F003A8746 /* WeatherManager.swift */ = {isa = PBXFileReference; lastKnownFileType = sourcecode.swift; path = WeatherManager.swift; sourceTree = "<group>"; };
		6B2C47022B5B02B3003A8746 /* MetarData.swift */ = {isa = PBXFileReference; lastKnownFileType = sourcecode.swift; path = MetarData.swift; sourceTree = "<group>"; };
		6B2C47042B5C3726003A8746 /* MetarViewModel.swift */ = {isa = PBXFileReference; lastKnownFileType = sourcecode.swift; path = MetarViewModel.swift; sourceTree = "<group>"; };
/* End PBXFileReference section */

/* Begin PBXFrameworksBuildPhase section */
		6B2C46C52B5AE4D3003A8746 /* Frameworks */ = {
			isa = PBXFrameworksBuildPhase;
			buildActionMask = 2147483647;
			files = (
			);
			runOnlyForDeploymentPostprocessing = 0;
		};
		6B2C46D52B5AE4D6003A8746 /* Frameworks */ = {
			isa = PBXFrameworksBuildPhase;
			buildActionMask = 2147483647;
			files = (
			);
			runOnlyForDeploymentPostprocessing = 0;
		};
		6B2C46DF2B5AE4D6003A8746 /* Frameworks */ = {
			isa = PBXFrameworksBuildPhase;
			buildActionMask = 2147483647;
			files = (
			);
			runOnlyForDeploymentPostprocessing = 0;
		};
/* End PBXFrameworksBuildPhase section */

/* Begin PBXGroup section */
		6B2C46BF2B5AE4D3003A8746 = {
			isa = PBXGroup;
			children = (
				6B2C46CA2B5AE4D3003A8746 /* Atlanta Weather */,
				6B2C46DB2B5AE4D6003A8746 /* Atlanta WeatherTests */,
				6B2C46E52B5AE4D6003A8746 /* Atlanta WeatherUITests */,
				6B2C46C92B5AE4D3003A8746 /* Products */,
			);
			sourceTree = "<group>";
		};
		6B2C46C92B5AE4D3003A8746 /* Products */ = {
			isa = PBXGroup;
			children = (
				6B2C46C82B5AE4D3003A8746 /* Atlanta Weather.app */,
				6B2C46D82B5AE4D6003A8746 /* Atlanta WeatherTests.xctest */,
				6B2C46E22B5AE4D6003A8746 /* Atlanta WeatherUITests.xctest */,
			);
			name = Products;
			sourceTree = "<group>";
		};
		6B2C46CA2B5AE4D3003A8746 /* Atlanta Weather */ = {
			isa = PBXGroup;
			children = (
				6B2C46FD2B5AF0DD003A8746 /* Managers */,
				6B2C46FC2B5AF0B7003A8746 /* ViewModels */,
				6B2C46FB2B5AF0AF003A8746 /* Views */,
				6B2C46FA2B5AF0A7003A8746 /* Models */,
				6B2C46F92B5AF09A003A8746 /* Controllers */,
				6B2C46CB2B5AE4D3003A8746 /* Atlanta_WeatherApp.swift */,
				6B2C46CD2B5AE4D3003A8746 /* WeatherView.swift */,
				6B2C46CF2B5AE4D6003A8746 /* Assets.xcassets */,
				6B2C46D12B5AE4D6003A8746 /* Preview Content */,
			);
			path = "Atlanta Weather";
			sourceTree = "<group>";
		};
		6B2C46D12B5AE4D6003A8746 /* Preview Content */ = {
			isa = PBXGroup;
			children = (
				6B2C46D22B5AE4D6003A8746 /* Preview Assets.xcassets */,
			);
			path = "Preview Content";
			sourceTree = "<group>";
		};
		6B2C46DB2B5AE4D6003A8746 /* Atlanta WeatherTests */ = {
			isa = PBXGroup;
			children = (
				6B2C46DC2B5AE4D6003A8746 /* Atlanta_WeatherTests.swift */,
			);
			path = "Atlanta WeatherTests";
			sourceTree = "<group>";
		};
		6B2C46E52B5AE4D6003A8746 /* Atlanta WeatherUITests */ = {
			isa = PBXGroup;
			children = (
				6B2C46E62B5AE4D6003A8746 /* Atlanta_WeatherUITests.swift */,
				6B2C46E82B5AE4D6003A8746 /* Atlanta_WeatherUITestsLaunchTests.swift */,
			);
			path = "Atlanta WeatherUITests";
			sourceTree = "<group>";
		};
		6B2C46F92B5AF09A003A8746 /* Controllers */ = {
			isa = PBXGroup;
			children = (
				6B2C46F52B5AE5DA003A8746 /* WeatherViewController.swift */,
			);
			path = Controllers;
			sourceTree = "<group>";
		};
		6B2C46FA2B5AF0A7003A8746 /* Models */ = {
			isa = PBXGroup;
			children = (
				6B2C47022B5B02B3003A8746 /* MetarData.swift */,
			);
			path = Models;
			sourceTree = "<group>";
		};
		6B2C46FB2B5AF0AF003A8746 /* Views */ = {
			isa = PBXGroup;
			children = (
			);
			path = Views;
			sourceTree = "<group>";
		};
		6B2C46FC2B5AF0B7003A8746 /* ViewModels */ = {
			isa = PBXGroup;
			children = (
				6B2C47042B5C3726003A8746 /* MetarViewModel.swift */,
			);
			path = ViewModels;
			sourceTree = "<group>";
		};
		6B2C46FD2B5AF0DD003A8746 /* Managers */ = {
			isa = PBXGroup;
			children = (
				6B2C46F72B5AF071003A8746 /* LocationManager.swift */,
				6B2C46FE2B5AF115003A8746 /* IAPManager.swift */,
				6B2C47002B5AF12F003A8746 /* WeatherManager.swift */,
			);
			path = Managers;
			sourceTree = "<group>";
		};
/* End PBXGroup section */

/* Begin PBXNativeTarget section */
		6B2C46C72B5AE4D3003A8746 /* Atlanta Weather */ = {
			isa = PBXNativeTarget;
			buildConfigurationList = 6B2C46EC2B5AE4D6003A8746 /* Build configuration list for PBXNativeTarget "Atlanta Weather" */;
			buildPhases = (
				6B2C46C42B5AE4D3003A8746 /* Sources */,
				6B2C46C52B5AE4D3003A8746 /* Frameworks */,
				6B2C46C62B5AE4D3003A8746 /* Resources */,
			);
			buildRules = (
			);
			dependencies = (
			);
			name = "Atlanta Weather";
			productName = "Atlanta Weather";
			productReference = 6B2C46C82B5AE4D3003A8746 /* Atlanta Weather.app */;
			productType = "com.apple.product-type.application";
		};
		6B2C46D72B5AE4D6003A8746 /* Atlanta WeatherTests */ = {
			isa = PBXNativeTarget;
			buildConfigurationList = 6B2C46EF2B5AE4D6003A8746 /* Build configuration list for PBXNativeTarget "Atlanta WeatherTests" */;
			buildPhases = (
				6B2C46D42B5AE4D6003A8746 /* Sources */,
				6B2C46D52B5AE4D6003A8746 /* Frameworks */,
				6B2C46D62B5AE4D6003A8746 /* Resources */,
			);
			buildRules = (
			);
			dependencies = (
				6B2C46DA2B5AE4D6003A8746 /* PBXTargetDependency */,
			);
			name = "Atlanta WeatherTests";
			productName = "Atlanta WeatherTests";
			productReference = 6B2C46D82B5AE4D6003A8746 /* Atlanta WeatherTests.xctest */;
			productType = "com.apple.product-type.bundle.unit-test";
		};
		6B2C46E12B5AE4D6003A8746 /* Atlanta WeatherUITests */ = {
			isa = PBXNativeTarget;
			buildConfigurationList = 6B2C46F22B5AE4D6003A8746 /* Build configuration list for PBXNativeTarget "Atlanta WeatherUITests" */;
			buildPhases = (
				6B2C46DE2B5AE4D6003A8746 /* Sources */,
				6B2C46DF2B5AE4D6003A8746 /* Frameworks */,
				6B2C46E02B5AE4D6003A8746 /* Resources */,
			);
			buildRules = (
			);
			dependencies = (
				6B2C46E42B5AE4D6003A8746 /* PBXTargetDependency */,
			);
			name = "Atlanta WeatherUITests";
			productName = "Atlanta WeatherUITests";
			productReference = 6B2C46E22B5AE4D6003A8746 /* Atlanta WeatherUITests.xctest */;
			productType = "com.apple.product-type.bundle.ui-testing";
		};
/* End PBXNativeTarget section */

/* Begin PBXProject section */
		6B2C46C02B5AE4D3003A8746 /* Project object */ = {
			isa = PBXProject;
			attributes = {
				BuildIndependentTargetsInParallel = 1;
				LastSwiftUpdateCheck = 1500;
				LastUpgradeCheck = 1500;
				TargetAttributes = {
					6B2C46C72B5AE4D3003A8746 = {
						CreatedOnToolsVersion = 15.0;
					};
					6B2C46D72B5AE4D6003A8746 = {
						CreatedOnToolsVersion = 15.0;
						TestTargetID = 6B2C46C72B5AE4D3003A8746;
					};
					6B2C46E12B5AE4D6003A8746 = {
						CreatedOnToolsVersion = 15.0;
						TestTargetID = 6B2C46C72B5AE4D3003A8746;
					};
				};
			};
			buildConfigurationList = 6B2C46C32B5AE4D3003A8746 /* Build configuration list for PBXProject "Atlanta Weather" */;
			compatibilityVersion = "Xcode 14.0";
			developmentRegion = en;
			hasScannedForEncodings = 0;
			knownRegions = (
				en,
				Base,
			);
			mainGroup = 6B2C46BF2B5AE4D3003A8746;
			productRefGroup = 6B2C46C92B5AE4D3003A8746 /* Products */;
			projectDirPath = "";
			projectRoot = "";
			targets = (
				6B2C46C72B5AE4D3003A8746 /* Atlanta Weather */,
				6B2C46D72B5AE4D6003A8746 /* Atlanta WeatherTests */,
				6B2C46E12B5AE4D6003A8746 /* Atlanta WeatherUITests */,
			);
		};
/* End PBXProject section */

/* Begin PBXResourcesBuildPhase section */
		6B2C46C62B5AE4D3003A8746 /* Resources */ = {
			isa = PBXResourcesBuildPhase;
			buildActionMask = 2147483647;
			files = (
				6B2C46D32B5AE4D6003A8746 /* Preview Assets.xcassets in Resources */,
				6B2C46D02B5AE4D6003A8746 /* Assets.xcassets in Resources */,
			);
			runOnlyForDeploymentPostprocessing = 0;
		};
		6B2C46D62B5AE4D6003A8746 /* Resources */ = {
			isa = PBXResourcesBuildPhase;
			buildActionMask = 2147483647;
			files = (
			);
			runOnlyForDeploymentPostprocessing = 0;
		};
		6B2C46E02B5AE4D6003A8746 /* Resources */ = {
			isa = PBXResourcesBuildPhase;
			buildActionMask = 2147483647;
			files = (
			);
			runOnlyForDeploymentPostprocessing = 0;
		};
/* End PBXResourcesBuildPhase section */

/* Begin PBXSourcesBuildPhase section */
		6B2C46C42B5AE4D3003A8746 /* Sources */ = {
			isa = PBXSourcesBuildPhase;
			buildActionMask = 2147483647;
			files = (
				6B2C47012B5AF12F003A8746 /* WeatherManager.swift in Sources */,
				6B2C46F82B5AF071003A8746 /* LocationManager.swift in Sources */,
				6B2C46FF2B5AF115003A8746 /* IAPManager.swift in Sources */,
				6B2C46CE2B5AE4D3003A8746 /* WeatherView.swift in Sources */,
				6B2C47052B5C3726003A8746 /* MetarViewModel.swift in Sources */,
				6B2C46F62B5AE5DA003A8746 /* WeatherViewController.swift in Sources */,
				6B2C47032B5B02B3003A8746 /* MetarData.swift in Sources */,
				6B2C46CC2B5AE4D3003A8746 /* Atlanta_WeatherApp.swift in Sources */,
			);
			runOnlyForDeploymentPostprocessing = 0;
		};
		6B2C46D42B5AE4D6003A8746 /* Sources */ = {
			isa = PBXSourcesBuildPhase;
			buildActionMask = 2147483647;
			files = (
				6B2C46DD2B5AE4D6003A8746 /* Atlanta_WeatherTests.swift in Sources */,
			);
			runOnlyForDeploymentPostprocessing = 0;
		};
		6B2C46DE2B5AE4D6003A8746 /* Sources */ = {
			isa = PBXSourcesBuildPhase;
			buildActionMask = 2147483647;
			files = (
				6B2C46E72B5AE4D6003A8746 /* Atlanta_WeatherUITests.swift in Sources */,
				6B2C46E92B5AE4D6003A8746 /* Atlanta_WeatherUITestsLaunchTests.swift in Sources */,
			);
			runOnlyForDeploymentPostprocessing = 0;
		};
/* End PBXSourcesBuildPhase section */

/* Begin PBXTargetDependency section */
		6B2C46DA2B5AE4D6003A8746 /* PBXTargetDependency */ = {
			isa = PBXTargetDependency;
			target = 6B2C46C72B5AE4D3003A8746 /* Atlanta Weather */;
			targetProxy = 6B2C46D92B5AE4D6003A8746 /* PBXContainerItemProxy */;
		};
		6B2C46E42B5AE4D6003A8746 /* PBXTargetDependency */ = {
			isa = PBXTargetDependency;
			target = 6B2C46C72B5AE4D3003A8746 /* Atlanta Weather */;
			targetProxy = 6B2C46E32B5AE4D6003A8746 /* PBXContainerItemProxy */;
		};
/* End PBXTargetDependency section */

/* Begin XCBuildConfiguration section */
		6B2C46EA2B5AE4D6003A8746 /* Debug */ = {
			isa = XCBuildConfiguration;
			buildSettings = {
				ALWAYS_SEARCH_USER_PATHS = NO;
				ASSETCATALOG_COMPILER_GENERATE_SWIFT_ASSET_SYMBOL_EXTENSIONS = YES;
				CLANG_ANALYZER_NONNULL = YES;
				CLANG_ANALYZER_NUMBER_OBJECT_CONVERSION = YES_AGGRESSIVE;
				CLANG_CXX_LANGUAGE_STANDARD = "gnu++20";
				CLANG_ENABLE_MODULES = YES;
				CLANG_ENABLE_OBJC_ARC = YES;
				CLANG_ENABLE_OBJC_WEAK = YES;
				CLANG_WARN_BLOCK_CAPTURE_AUTORELEASING = YES;
				CLANG_WARN_BOOL_CONVERSION = YES;
				CLANG_WARN_COMMA = YES;
				CLANG_WARN_CONSTANT_CONVERSION = YES;
				CLANG_WARN_DEPRECATED_OBJC_IMPLEMENTATIONS = YES;
				CLANG_WARN_DIRECT_OBJC_ISA_USAGE = YES_ERROR;
				CLANG_WARN_DOCUMENTATION_COMMENTS = YES;
				CLANG_WARN_EMPTY_BODY = YES;
				CLANG_WARN_ENUM_CONVERSION = YES;
				CLANG_WARN_INFINITE_RECURSION = YES;
				CLANG_WARN_INT_CONVERSION = YES;
				CLANG_WARN_NON_LITERAL_NULL_CONVERSION = YES;
				CLANG_WARN_OBJC_IMPLICIT_RETAIN_SELF = YES;
				CLANG_WARN_OBJC_LITERAL_CONVERSION = YES;
				CLANG_WARN_OBJC_ROOT_CLASS = YES_ERROR;
				CLANG_WARN_QUOTED_INCLUDE_IN_FRAMEWORK_HEADER = YES;
				CLANG_WARN_RANGE_LOOP_ANALYSIS = YES;
				CLANG_WARN_STRICT_PROTOTYPES = YES;
				CLANG_WARN_SUSPICIOUS_MOVE = YES;
				CLANG_WARN_UNGUARDED_AVAILABILITY = YES_AGGRESSIVE;
				CLANG_WARN_UNREACHABLE_CODE = YES;
				CLANG_WARN__DUPLICATE_METHOD_MATCH = YES;
				COPY_PHASE_STRIP = NO;
				DEBUG_INFORMATION_FORMAT = dwarf;
				ENABLE_STRICT_OBJC_MSGSEND = YES;
				ENABLE_TESTABILITY = YES;
				ENABLE_USER_SCRIPT_SANDBOXING = YES;
				GCC_C_LANGUAGE_STANDARD = gnu17;
				GCC_DYNAMIC_NO_PIC = NO;
				GCC_NO_COMMON_BLOCKS = YES;
				GCC_OPTIMIZATION_LEVEL = 0;
				GCC_PREPROCESSOR_DEFINITIONS = (
					"DEBUG=1",
					"$(inherited)",
				);
				GCC_WARN_64_TO_32_BIT_CONVERSION = YES;
				GCC_WARN_ABOUT_RETURN_TYPE = YES_ERROR;
				GCC_WARN_UNDECLARED_SELECTOR = YES;
				GCC_WARN_UNINITIALIZED_AUTOS = YES_AGGRESSIVE;
				GCC_WARN_UNUSED_FUNCTION = YES;
				GCC_WARN_UNUSED_VARIABLE = YES;
				IPHONEOS_DEPLOYMENT_TARGET = 17.0;
				LOCALIZATION_PREFERS_STRING_CATALOGS = YES;
				MTL_ENABLE_DEBUG_INFO = INCLUDE_SOURCE;
				MTL_FAST_MATH = YES;
				ONLY_ACTIVE_ARCH = YES;
				SDKROOT = iphoneos;
				SWIFT_ACTIVE_COMPILATION_CONDITIONS = "DEBUG $(inherited)";
				SWIFT_OPTIMIZATION_LEVEL = "-Onone";
			};
			name = Debug;
		};
		6B2C46EB2B5AE4D6003A8746 /* Release */ = {
			isa = XCBuildConfiguration;
			buildSettings = {
				ALWAYS_SEARCH_USER_PATHS = NO;
				ASSETCATALOG_COMPILER_GENERATE_SWIFT_ASSET_SYMBOL_EXTENSIONS = YES;
				CLANG_ANALYZER_NONNULL = YES;
				CLANG_ANALYZER_NUMBER_OBJECT_CONVERSION = YES_AGGRESSIVE;
				CLANG_CXX_LANGUAGE_STANDARD = "gnu++20";
				CLANG_ENABLE_MODULES = YES;
				CLANG_ENABLE_OBJC_ARC = YES;
				CLANG_ENABLE_OBJC_WEAK = YES;
				CLANG_WARN_BLOCK_CAPTURE_AUTORELEASING = YES;
				CLANG_WARN_BOOL_CONVERSION = YES;
				CLANG_WARN_COMMA = YES;
				CLANG_WARN_CONSTANT_CONVERSION = YES;
				CLANG_WARN_DEPRECATED_OBJC_IMPLEMENTATIONS = YES;
				CLANG_WARN_DIRECT_OBJC_ISA_USAGE = YES_ERROR;
				CLANG_WARN_DOCUMENTATION_COMMENTS = YES;
				CLANG_WARN_EMPTY_BODY = YES;
				CLANG_WARN_ENUM_CONVERSION = YES;
				CLANG_WARN_INFINITE_RECURSION = YES;
				CLANG_WARN_INT_CONVERSION = YES;
				CLANG_WARN_NON_LITERAL_NULL_CONVERSION = YES;
				CLANG_WARN_OBJC_IMPLICIT_RETAIN_SELF = YES;
				CLANG_WARN_OBJC_LITERAL_CONVERSION = YES;
				CLANG_WARN_OBJC_ROOT_CLASS = YES_ERROR;
				CLANG_WARN_QUOTED_INCLUDE_IN_FRAMEWORK_HEADER = YES;
				CLANG_WARN_RANGE_LOOP_ANALYSIS = YES;
				CLANG_WARN_STRICT_PROTOTYPES = YES;
				CLANG_WARN_SUSPICIOUS_MOVE = YES;
				CLANG_WARN_UNGUARDED_AVAILABILITY = YES_AGGRESSIVE;
				CLANG_WARN_UNREACHABLE_CODE = YES;
				CLANG_WARN__DUPLICATE_METHOD_MATCH = YES;
				COPY_PHASE_STRIP = NO;
				DEBUG_INFORMATION_FORMAT = "dwarf-with-dsym";
				ENABLE_NS_ASSERTIONS = NO;
				ENABLE_STRICT_OBJC_MSGSEND = YES;
				ENABLE_USER_SCRIPT_SANDBOXING = YES;
				GCC_C_LANGUAGE_STANDARD = gnu17;
				GCC_NO_COMMON_BLOCKS = YES;
				GCC_WARN_64_TO_32_BIT_CONVERSION = YES;
				GCC_WARN_ABOUT_RETURN_TYPE = YES_ERROR;
				GCC_WARN_UNDECLARED_SELECTOR = YES;
				GCC_WARN_UNINITIALIZED_AUTOS = YES_AGGRESSIVE;
				GCC_WARN_UNUSED_FUNCTION = YES;
				GCC_WARN_UNUSED_VARIABLE = YES;
				IPHONEOS_DEPLOYMENT_TARGET = 17.0;
				LOCALIZATION_PREFERS_STRING_CATALOGS = YES;
				MTL_ENABLE_DEBUG_INFO = NO;
				MTL_FAST_MATH = YES;
				SDKROOT = iphoneos;
				SWIFT_COMPILATION_MODE = wholemodule;
				VALIDATE_PRODUCT = YES;
			};
			name = Release;
		};
		6B2C46ED2B5AE4D6003A8746 /* Debug */ = {
			isa = XCBuildConfiguration;
			buildSettings = {
				ASSETCATALOG_COMPILER_APPICON_NAME = AppIcon;
				ASSETCATALOG_COMPILER_GLOBAL_ACCENT_COLOR_NAME = AccentColor;
				CODE_SIGN_STYLE = Automatic;
				CURRENT_PROJECT_VERSION = 1;
				DEVELOPMENT_ASSET_PATHS = "\"Atlanta Weather/Preview Content\"";
				DEVELOPMENT_TEAM = 4854Y724LM;
				ENABLE_PREVIEWS = YES;
				GENERATE_INFOPLIST_FILE = YES;
				INFOPLIST_KEY_UIApplicationSceneManifest_Generation = YES;
				INFOPLIST_KEY_UIApplicationSupportsIndirectInputEvents = YES;
				INFOPLIST_KEY_UILaunchScreen_Generation = YES;
				INFOPLIST_KEY_UISupportedInterfaceOrientations_iPad = "UIInterfaceOrientationPortrait UIInterfaceOrientationPortraitUpsideDown UIInterfaceOrientationLandscapeLeft UIInterfaceOrientationLandscapeRight";
				INFOPLIST_KEY_UISupportedInterfaceOrientations_iPhone = "UIInterfaceOrientationPortrait UIInterfaceOrientationLandscapeLeft UIInterfaceOrientationLandscapeRight";
				LD_RUNPATH_SEARCH_PATHS = (
					"$(inherited)",
					"@executable_path/Frameworks",
				);
				MARKETING_VERSION = 1.0;
				PRODUCT_BUNDLE_IDENTIFIER = "com.dylan.welch.Atlanta-Weather";
				PRODUCT_NAME = "$(TARGET_NAME)";
				SWIFT_EMIT_LOC_STRINGS = YES;
				SWIFT_VERSION = 5.0;
				TARGETED_DEVICE_FAMILY = "1,2";
			};
			name = Debug;
		};
		6B2C46EE2B5AE4D6003A8746 /* Release */ = {
			isa = XCBuildConfiguration;
			buildSettings = {
				ASSETCATALOG_COMPILER_APPICON_NAME = AppIcon;
				ASSETCATALOG_COMPILER_GLOBAL_ACCENT_COLOR_NAME = AccentColor;
				CODE_SIGN_STYLE = Automatic;
				CURRENT_PROJECT_VERSION = 1;
				DEVELOPMENT_ASSET_PATHS = "\"Atlanta Weather/Preview Content\"";
				DEVELOPMENT_TEAM = 4854Y724LM;
				ENABLE_PREVIEWS = YES;
				GENERATE_INFOPLIST_FILE = YES;
				INFOPLIST_KEY_UIApplicationSceneManifest_Generation = YES;
				INFOPLIST_KEY_UIApplicationSupportsIndirectInputEvents = YES;
				INFOPLIST_KEY_UILaunchScreen_Generation = YES;
				INFOPLIST_KEY_UISupportedInterfaceOrientations_iPad = "UIInterfaceOrientationPortrait UIInterfaceOrientationPortraitUpsideDown UIInterfaceOrientationLandscapeLeft UIInterfaceOrientationLandscapeRight";
				INFOPLIST_KEY_UISupportedInterfaceOrientations_iPhone = "UIInterfaceOrientationPortrait UIInterfaceOrientationLandscapeLeft UIInterfaceOrientationLandscapeRight";
				LD_RUNPATH_SEARCH_PATHS = (
					"$(inherited)",
					"@executable_path/Frameworks",
				);
				MARKETING_VERSION = 1.0;
				PRODUCT_BUNDLE_IDENTIFIER = "com.dylan.welch.Atlanta-Weather";
				PRODUCT_NAME = "$(TARGET_NAME)";
				SWIFT_EMIT_LOC_STRINGS = YES;
				SWIFT_VERSION = 5.0;
				TARGETED_DEVICE_FAMILY = "1,2";
			};
			name = Release;
		};
		6B2C46F02B5AE4D6003A8746 /* Debug */ = {
			isa = XCBuildConfiguration;
			buildSettings = {
				ALWAYS_EMBED_SWIFT_STANDARD_LIBRARIES = YES;
				BUNDLE_LOADER = "$(TEST_HOST)";
				CODE_SIGN_STYLE = Automatic;
				CURRENT_PROJECT_VERSION = 1;
				DEVELOPMENT_TEAM = 4854Y724LM;
				GENERATE_INFOPLIST_FILE = YES;
				IPHONEOS_DEPLOYMENT_TARGET = 17.0;
				MARKETING_VERSION = 1.0;
				PRODUCT_BUNDLE_IDENTIFIER = "com.dylan.welch.Atlanta-WeatherTests";
				PRODUCT_NAME = "$(TARGET_NAME)";
				SWIFT_EMIT_LOC_STRINGS = NO;
				SWIFT_VERSION = 5.0;
				TARGETED_DEVICE_FAMILY = "1,2";
				TEST_HOST = "$(BUILT_PRODUCTS_DIR)/Atlanta Weather.app/$(BUNDLE_EXECUTABLE_FOLDER_PATH)/Atlanta Weather";
			};
			name = Debug;
		};
		6B2C46F12B5AE4D6003A8746 /* Release */ = {
			isa = XCBuildConfiguration;
			buildSettings = {
				ALWAYS_EMBED_SWIFT_STANDARD_LIBRARIES = YES;
				BUNDLE_LOADER = "$(TEST_HOST)";
				CODE_SIGN_STYLE = Automatic;
				CURRENT_PROJECT_VERSION = 1;
				DEVELOPMENT_TEAM = 4854Y724LM;
				GENERATE_INFOPLIST_FILE = YES;
				IPHONEOS_DEPLOYMENT_TARGET = 17.0;
				MARKETING_VERSION = 1.0;
				PRODUCT_BUNDLE_IDENTIFIER = "com.dylan.welch.Atlanta-WeatherTests";
				PRODUCT_NAME = "$(TARGET_NAME)";
				SWIFT_EMIT_LOC_STRINGS = NO;
				SWIFT_VERSION = 5.0;
				TARGETED_DEVICE_FAMILY = "1,2";
				TEST_HOST = "$(BUILT_PRODUCTS_DIR)/Atlanta Weather.app/$(BUNDLE_EXECUTABLE_FOLDER_PATH)/Atlanta Weather";
			};
			name = Release;
		};
		6B2C46F32B5AE4D6003A8746 /* Debug */ = {
			isa = XCBuildConfiguration;
			buildSettings = {
				ALWAYS_EMBED_SWIFT_STANDARD_LIBRARIES = YES;
				CODE_SIGN_STYLE = Automatic;
				CURRENT_PROJECT_VERSION = 1;
				DEVELOPMENT_TEAM = 4854Y724LM;
				GENERATE_INFOPLIST_FILE = YES;
				MARKETING_VERSION = 1.0;
				PRODUCT_BUNDLE_IDENTIFIER = "com.dylan.welch.Atlanta-WeatherUITests";
				PRODUCT_NAME = "$(TARGET_NAME)";
				SWIFT_EMIT_LOC_STRINGS = NO;
				SWIFT_VERSION = 5.0;
				TARGETED_DEVICE_FAMILY = "1,2";
				TEST_TARGET_NAME = "Atlanta Weather";
			};
			name = Debug;
		};
		6B2C46F42B5AE4D6003A8746 /* Release */ = {
			isa = XCBuildConfiguration;
			buildSettings = {
				ALWAYS_EMBED_SWIFT_STANDARD_LIBRARIES = YES;
				CODE_SIGN_STYLE = Automatic;
				CURRENT_PROJECT_VERSION = 1;
				DEVELOPMENT_TEAM = 4854Y724LM;
				GENERATE_INFOPLIST_FILE = YES;
				MARKETING_VERSION = 1.0;
				PRODUCT_BUNDLE_IDENTIFIER = "com.dylan.welch.Atlanta-WeatherUITests";
				PRODUCT_NAME = "$(TARGET_NAME)";
				SWIFT_EMIT_LOC_STRINGS = NO;
				SWIFT_VERSION = 5.0;
				TARGETED_DEVICE_FAMILY = "1,2";
				TEST_TARGET_NAME = "Atlanta Weather";
			};
			name = Release;
		};
/* End XCBuildConfiguration section */

/* Begin XCConfigurationList section */
		6B2C46C32B5AE4D3003A8746 /* Build configuration list for PBXProject "Atlanta Weather" */ = {
			isa = XCConfigurationList;
			buildConfigurations = (
				6B2C46EA2B5AE4D6003A8746 /* Debug */,
				6B2C46EB2B5AE4D6003A8746 /* Release */,
			);
			defaultConfigurationIsVisible = 0;
			defaultConfigurationName = Release;
		};
		6B2C46EC2B5AE4D6003A8746 /* Build configuration list for PBXNativeTarget "Atlanta Weather" */ = {
			isa = XCConfigurationList;
			buildConfigurations = (
				6B2C46ED2B5AE4D6003A8746 /* Debug */,
				6B2C46EE2B5AE4D6003A8746 /* Release */,
			);
			defaultConfigurationIsVisible = 0;
			defaultConfigurationName = Release;
		};
		6B2C46EF2B5AE4D6003A8746 /* Build configuration list for PBXNativeTarget "Atlanta WeatherTests" */ = {
			isa = XCConfigurationList;
			buildConfigurations = (
				6B2C46F02B5AE4D6003A8746 /* Debug */,
				6B2C46F12B5AE4D6003A8746 /* Release */,
			);
			defaultConfigurationIsVisible = 0;
			defaultConfigurationName = Release;
		};
		6B2C46F22B5AE4D6003A8746 /* Build configuration list for PBXNativeTarget "Atlanta WeatherUITests" */ = {
			isa = XCConfigurationList;
			buildConfigurations = (
				6B2C46F32B5AE4D6003A8746 /* Debug */,
				6B2C46F42B5AE4D6003A8746 /* Release */,
			);
			defaultConfigurationIsVisible = 0;
			defaultConfigurationName = Release;
		};
/* End XCConfigurationList section */
	};
	rootObject = 6B2C46C02B5AE4D3003A8746 /* Project object */;
}
